// !$*UTF8*$!
{
	archiveVersion = 1;
	classes = {
	};
	objectVersion = 50;
	objects = {

/* Begin PBXBuildFile section */
		2C8813D1678B2932EC0C4E02 /* Pods_gestionequipe.framework in Frameworks */ = {isa = PBXBuildFile; fileRef = 501E3A19451DE71A1372B2DA /* Pods_gestionequipe.framework */; };
		DE1A022122DB51F00030FFC8 /* AppDelegate.swift in Sources */ = {isa = PBXBuildFile; fileRef = DE1A022022DB51F00030FFC8 /* AppDelegate.swift */; };
		DE1A022322DB51F00030FFC8 /* ViewController.swift in Sources */ = {isa = PBXBuildFile; fileRef = DE1A022222DB51F00030FFC8 /* ViewController.swift */; };
		DE1A022622DB51F00030FFC8 /* Main.storyboard in Resources */ = {isa = PBXBuildFile; fileRef = DE1A022422DB51F00030FFC8 /* Main.storyboard */; };
		DE1A022822DB51F20030FFC8 /* Assets.xcassets in Resources */ = {isa = PBXBuildFile; fileRef = DE1A022722DB51F20030FFC8 /* Assets.xcassets */; };
		DE1A022B22DB51F20030FFC8 /* LaunchScreen.storyboard in Resources */ = {isa = PBXBuildFile; fileRef = DE1A022922DB51F20030FFC8 /* LaunchScreen.storyboard */; };
		DE1A023622DB51F20030FFC8 /* gestionequipeTests.swift in Sources */ = {isa = PBXBuildFile; fileRef = DE1A023522DB51F20030FFC8 /* gestionequipeTests.swift */; };
		DE1A024122DB51F20030FFC8 /* gestionequipeUITests.swift in Sources */ = {isa = PBXBuildFile; fileRef = DE1A024022DB51F20030FFC8 /* gestionequipeUITests.swift */; };
		DE1A025222DB58D10030FFC8 /* LoginViewController.swift in Sources */ = {isa = PBXBuildFile; fileRef = DE1A025022DB58D10030FFC8 /* LoginViewController.swift */; };
		DE1A025322DB58D10030FFC8 /* LoginViewController.xib in Resources */ = {isa = PBXBuildFile; fileRef = DE1A025122DB58D10030FFC8 /* LoginViewController.xib */; };
		DE1A025522DE60C20030FFC8 /* CustomTabBarController.swift in Sources */ = {isa = PBXBuildFile; fileRef = DE1A025422DE60C20030FFC8 /* CustomTabBarController.swift */; };
		DE1A025C22DE6AD80030FFC8 /* HomeClass.swift in Sources */ = {isa = PBXBuildFile; fileRef = DE1A025A22DE6AD80030FFC8 /* HomeClass.swift */; };
		DE1A025D22DE6AD80030FFC8 /* HomeClass.xib in Resources */ = {isa = PBXBuildFile; fileRef = DE1A025B22DE6AD80030FFC8 /* HomeClass.xib */; };
		DE1A026022DE70690030FFC8 /* entrainement.swift in Sources */ = {isa = PBXBuildFile; fileRef = DE1A025F22DE70690030FFC8 /* entrainement.swift */; };
		DE1A026322DF41D50030FFC8 /* EntrainementClass.swift in Sources */ = {isa = PBXBuildFile; fileRef = DE1A026122DF41D50030FFC8 /* EntrainementClass.swift */; };
		DE1A026422DF41D50030FFC8 /* EntrainementClass.xib in Resources */ = {isa = PBXBuildFile; fileRef = DE1A026222DF41D50030FFC8 /* EntrainementClass.xib */; };
/* End PBXBuildFile section */

/* Begin PBXContainerItemProxy section */
		DE1A023222DB51F20030FFC8 /* PBXContainerItemProxy */ = {
			isa = PBXContainerItemProxy;
			containerPortal = DE1A021522DB51F00030FFC8 /* Project object */;
			proxyType = 1;
			remoteGlobalIDString = DE1A021C22DB51F00030FFC8;
			remoteInfo = gestionequipe;
		};
		DE1A023D22DB51F20030FFC8 /* PBXContainerItemProxy */ = {
			isa = PBXContainerItemProxy;
			containerPortal = DE1A021522DB51F00030FFC8 /* Project object */;
			proxyType = 1;
			remoteGlobalIDString = DE1A021C22DB51F00030FFC8;
			remoteInfo = gestionequipe;
		};
/* End PBXContainerItemProxy section */

/* Begin PBXFileReference section */
		0CE709656E4E92849FC72E59 /* Pods-gestionequipe.debug.xcconfig */ = {isa = PBXFileReference; includeInIndex = 1; lastKnownFileType = text.xcconfig; name = "Pods-gestionequipe.debug.xcconfig"; path = "Pods/Target Support Files/Pods-gestionequipe/Pods-gestionequipe.debug.xcconfig"; sourceTree = "<group>"; };
		501E3A19451DE71A1372B2DA /* Pods_gestionequipe.framework */ = {isa = PBXFileReference; explicitFileType = wrapper.framework; includeInIndex = 0; path = Pods_gestionequipe.framework; sourceTree = BUILT_PRODUCTS_DIR; };
		55E27129DE45D78D67247B6D /* Pods_gestionequipeTests.framework */ = {isa = PBXFileReference; explicitFileType = wrapper.framework; includeInIndex = 0; path = Pods_gestionequipeTests.framework; sourceTree = BUILT_PRODUCTS_DIR; };
		6EBC7923035C329B86F8951C /* Pods-gestionequipe.release.xcconfig */ = {isa = PBXFileReference; includeInIndex = 1; lastKnownFileType = text.xcconfig; name = "Pods-gestionequipe.release.xcconfig"; path = "Pods/Target Support Files/Pods-gestionequipe/Pods-gestionequipe.release.xcconfig"; sourceTree = "<group>"; };
		A134ABA196E8231EEB2CC4CC /* Pods_gestionequipeUITests.framework */ = {isa = PBXFileReference; explicitFileType = wrapper.framework; includeInIndex = 0; path = Pods_gestionequipeUITests.framework; sourceTree = BUILT_PRODUCTS_DIR; };
		DE1A021D22DB51F00030FFC8 /* gestionequipe.app */ = {isa = PBXFileReference; explicitFileType = wrapper.application; includeInIndex = 0; path = gestionequipe.app; sourceTree = BUILT_PRODUCTS_DIR; };
		DE1A022022DB51F00030FFC8 /* AppDelegate.swift */ = {isa = PBXFileReference; lastKnownFileType = sourcecode.swift; path = AppDelegate.swift; sourceTree = "<group>"; };
		DE1A022222DB51F00030FFC8 /* ViewController.swift */ = {isa = PBXFileReference; lastKnownFileType = sourcecode.swift; path = ViewController.swift; sourceTree = "<group>"; };
		DE1A022522DB51F00030FFC8 /* Base */ = {isa = PBXFileReference; lastKnownFileType = file.storyboard; name = Base; path = Base.lproj/Main.storyboard; sourceTree = "<group>"; };
		DE1A022722DB51F20030FFC8 /* Assets.xcassets */ = {isa = PBXFileReference; lastKnownFileType = folder.assetcatalog; path = Assets.xcassets; sourceTree = "<group>"; };
		DE1A022A22DB51F20030FFC8 /* Base */ = {isa = PBXFileReference; lastKnownFileType = file.storyboard; name = Base; path = Base.lproj/LaunchScreen.storyboard; sourceTree = "<group>"; };
		DE1A022C22DB51F20030FFC8 /* Info.plist */ = {isa = PBXFileReference; lastKnownFileType = text.plist.xml; path = Info.plist; sourceTree = "<group>"; };
		DE1A023122DB51F20030FFC8 /* gestionequipeTests.xctest */ = {isa = PBXFileReference; explicitFileType = wrapper.cfbundle; includeInIndex = 0; path = gestionequipeTests.xctest; sourceTree = BUILT_PRODUCTS_DIR; };
		DE1A023522DB51F20030FFC8 /* gestionequipeTests.swift */ = {isa = PBXFileReference; lastKnownFileType = sourcecode.swift; path = gestionequipeTests.swift; sourceTree = "<group>"; };
		DE1A023722DB51F20030FFC8 /* Info.plist */ = {isa = PBXFileReference; lastKnownFileType = text.plist.xml; path = Info.plist; sourceTree = "<group>"; };
		DE1A023C22DB51F20030FFC8 /* gestionequipeUITests.xctest */ = {isa = PBXFileReference; explicitFileType = wrapper.cfbundle; includeInIndex = 0; path = gestionequipeUITests.xctest; sourceTree = BUILT_PRODUCTS_DIR; };
		DE1A024022DB51F20030FFC8 /* gestionequipeUITests.swift */ = {isa = PBXFileReference; lastKnownFileType = sourcecode.swift; path = gestionequipeUITests.swift; sourceTree = "<group>"; };
		DE1A024222DB51F20030FFC8 /* Info.plist */ = {isa = PBXFileReference; lastKnownFileType = text.plist.xml; path = Info.plist; sourceTree = "<group>"; };
		DE1A025022DB58D10030FFC8 /* LoginViewController.swift */ = {isa = PBXFileReference; lastKnownFileType = sourcecode.swift; path = LoginViewController.swift; sourceTree = "<group>"; };
		DE1A025122DB58D10030FFC8 /* LoginViewController.xib */ = {isa = PBXFileReference; lastKnownFileType = file.xib; path = LoginViewController.xib; sourceTree = "<group>"; };
		DE1A025422DE60C20030FFC8 /* CustomTabBarController.swift */ = {isa = PBXFileReference; lastKnownFileType = sourcecode.swift; path = CustomTabBarController.swift; sourceTree = "<group>"; };
		DE1A025A22DE6AD80030FFC8 /* HomeClass.swift */ = {isa = PBXFileReference; lastKnownFileType = sourcecode.swift; path = HomeClass.swift; sourceTree = "<group>"; };
		DE1A025B22DE6AD80030FFC8 /* HomeClass.xib */ = {isa = PBXFileReference; lastKnownFileType = file.xib; path = HomeClass.xib; sourceTree = "<group>"; };
		DE1A025F22DE70690030FFC8 /* entrainement.swift */ = {isa = PBXFileReference; lastKnownFileType = sourcecode.swift; path = entrainement.swift; sourceTree = "<group>"; };
		DE1A026122DF41D50030FFC8 /* EntrainementClass.swift */ = {isa = PBXFileReference; lastKnownFileType = sourcecode.swift; path = EntrainementClass.swift; sourceTree = "<group>"; };
		DE1A026222DF41D50030FFC8 /* EntrainementClass.xib */ = {isa = PBXFileReference; lastKnownFileType = file.xib; path = EntrainementClass.xib; sourceTree = "<group>"; };
/* End PBXFileReference section */

/* Begin PBXFrameworksBuildPhase section */
		DE1A021A22DB51F00030FFC8 /* Frameworks */ = {
			isa = PBXFrameworksBuildPhase;
			buildActionMask = 2147483647;
			files = (
				2C8813D1678B2932EC0C4E02 /* Pods_gestionequipe.framework in Frameworks */,
			);
			runOnlyForDeploymentPostprocessing = 0;
		};
		DE1A022E22DB51F20030FFC8 /* Frameworks */ = {
			isa = PBXFrameworksBuildPhase;
			buildActionMask = 2147483647;
			files = (
			);
			runOnlyForDeploymentPostprocessing = 0;
		};
		DE1A023922DB51F20030FFC8 /* Frameworks */ = {
			isa = PBXFrameworksBuildPhase;
			buildActionMask = 2147483647;
			files = (
			);
			runOnlyForDeploymentPostprocessing = 0;
		};
/* End PBXFrameworksBuildPhase section */

/* Begin PBXGroup section */
		78D6FB485D2F640FA438C18E /* Pods */ = {
			isa = PBXGroup;
			children = (
				0CE709656E4E92849FC72E59 /* Pods-gestionequipe.debug.xcconfig */,
				6EBC7923035C329B86F8951C /* Pods-gestionequipe.release.xcconfig */,
			);
			name = Pods;
			sourceTree = "<group>";
		};
		DE1A021422DB51F00030FFC8 = {
			isa = PBXGroup;
			children = (
				DE1A021F22DB51F00030FFC8 /* gestionequipe */,
				DE1A023422DB51F20030FFC8 /* gestionequipeTests */,
				DE1A023F22DB51F20030FFC8 /* gestionequipeUITests */,
				DE1A021E22DB51F00030FFC8 /* Products */,
				78D6FB485D2F640FA438C18E /* Pods */,
				ECDE41B359F0EA3752EBA567 /* Frameworks */,
			);
			sourceTree = "<group>";
		};
		DE1A021E22DB51F00030FFC8 /* Products */ = {
			isa = PBXGroup;
			children = (
				DE1A021D22DB51F00030FFC8 /* gestionequipe.app */,
				DE1A023122DB51F20030FFC8 /* gestionequipeTests.xctest */,
				DE1A023C22DB51F20030FFC8 /* gestionequipeUITests.xctest */,
			);
			name = Products;
			sourceTree = "<group>";
		};
		DE1A021F22DB51F00030FFC8 /* gestionequipe */ = {
			isa = PBXGroup;
			children = (
				DE1A025E22DE70430030FFC8 /* models */,
				DE1A022022DB51F00030FFC8 /* AppDelegate.swift */,
				DE1A022222DB51F00030FFC8 /* ViewController.swift */,
				DE1A022422DB51F00030FFC8 /* Main.storyboard */,
				DE1A022722DB51F20030FFC8 /* Assets.xcassets */,
				DE1A022922DB51F20030FFC8 /* LaunchScreen.storyboard */,
				DE1A022C22DB51F20030FFC8 /* Info.plist */,
				DE1A025022DB58D10030FFC8 /* LoginViewController.swift */,
				DE1A025122DB58D10030FFC8 /* LoginViewController.xib */,
				DE1A025422DE60C20030FFC8 /* CustomTabBarController.swift */,
				DE1A025A22DE6AD80030FFC8 /* HomeClass.swift */,
				DE1A025B22DE6AD80030FFC8 /* HomeClass.xib */,
				DE1A026122DF41D50030FFC8 /* EntrainementClass.swift */,
				DE1A026222DF41D50030FFC8 /* EntrainementClass.xib */,
			);
			path = gestionequipe;
			sourceTree = "<group>";
		};
		DE1A023422DB51F20030FFC8 /* gestionequipeTests */ = {
			isa = PBXGroup;
			children = (
				DE1A023522DB51F20030FFC8 /* gestionequipeTests.swift */,
				DE1A023722DB51F20030FFC8 /* Info.plist */,
			);
			path = gestionequipeTests;
			sourceTree = "<group>";
		};
		DE1A023F22DB51F20030FFC8 /* gestionequipeUITests */ = {
			isa = PBXGroup;
			children = (
				DE1A024022DB51F20030FFC8 /* gestionequipeUITests.swift */,
				DE1A024222DB51F20030FFC8 /* Info.plist */,
			);
			path = gestionequipeUITests;
			sourceTree = "<group>";
		};
		DE1A025E22DE70430030FFC8 /* models */ = {
			isa = PBXGroup;
			children = (
				DE1A025F22DE70690030FFC8 /* entrainement.swift */,
			);
			name = models;
			sourceTree = "<group>";
		};
		ECDE41B359F0EA3752EBA567 /* Frameworks */ = {
			isa = PBXGroup;
			children = (
				501E3A19451DE71A1372B2DA /* Pods_gestionequipe.framework */,
				55E27129DE45D78D67247B6D /* Pods_gestionequipeTests.framework */,
				A134ABA196E8231EEB2CC4CC /* Pods_gestionequipeUITests.framework */,
			);
			name = Frameworks;
			sourceTree = "<group>";
		};
/* End PBXGroup section */

/* Begin PBXNativeTarget section */
		DE1A021C22DB51F00030FFC8 /* gestionequipe */ = {
			isa = PBXNativeTarget;
			buildConfigurationList = DE1A024522DB51F20030FFC8 /* Build configuration list for PBXNativeTarget "gestionequipe" */;
			buildPhases = (
				4AF63819E12A06DCAF9CE9AD /* [CP] Check Pods Manifest.lock */,
				DE1A021922DB51F00030FFC8 /* Sources */,
				DE1A021A22DB51F00030FFC8 /* Frameworks */,
				DE1A021B22DB51F00030FFC8 /* Resources */,
				30A4D93D9AA26980FDF00C48 /* [CP] Embed Pods Frameworks */,
			);
			buildRules = (
			);
			dependencies = (
			);
			name = gestionequipe;
			productName = gestionequipe;
			productReference = DE1A021D22DB51F00030FFC8 /* gestionequipe.app */;
			productType = "com.apple.product-type.application";
		};
		DE1A023022DB51F20030FFC8 /* gestionequipeTests */ = {
			isa = PBXNativeTarget;
			buildConfigurationList = DE1A024822DB51F20030FFC8 /* Build configuration list for PBXNativeTarget "gestionequipeTests" */;
			buildPhases = (
				DE1A022D22DB51F20030FFC8 /* Sources */,
				DE1A022E22DB51F20030FFC8 /* Frameworks */,
				DE1A022F22DB51F20030FFC8 /* Resources */,
			);
			buildRules = (
			);
			dependencies = (
				DE1A023322DB51F20030FFC8 /* PBXTargetDependency */,
			);
			name = gestionequipeTests;
			productName = gestionequipeTests;
			productReference = DE1A023122DB51F20030FFC8 /* gestionequipeTests.xctest */;
			productType = "com.apple.product-type.bundle.unit-test";
		};
		DE1A023B22DB51F20030FFC8 /* gestionequipeUITests */ = {
			isa = PBXNativeTarget;
			buildConfigurationList = DE1A024B22DB51F20030FFC8 /* Build configuration list for PBXNativeTarget "gestionequipeUITests" */;
			buildPhases = (
				DE1A023822DB51F20030FFC8 /* Sources */,
				DE1A023922DB51F20030FFC8 /* Frameworks */,
				DE1A023A22DB51F20030FFC8 /* Resources */,
			);
			buildRules = (
			);
			dependencies = (
				DE1A023E22DB51F20030FFC8 /* PBXTargetDependency */,
			);
			name = gestionequipeUITests;
			productName = gestionequipeUITests;
			productReference = DE1A023C22DB51F20030FFC8 /* gestionequipeUITests.xctest */;
			productType = "com.apple.product-type.bundle.ui-testing";
		};
/* End PBXNativeTarget section */

/* Begin PBXProject section */
		DE1A021522DB51F00030FFC8 /* Project object */ = {
			isa = PBXProject;
			attributes = {
				LastSwiftUpdateCheck = 1010;
				LastUpgradeCheck = 1010;
				ORGANIZATIONNAME = "corentin delage";
				TargetAttributes = {
					DE1A021C22DB51F00030FFC8 = {
						CreatedOnToolsVersion = 10.1;
					};
					DE1A023022DB51F20030FFC8 = {
						CreatedOnToolsVersion = 10.1;
						TestTargetID = DE1A021C22DB51F00030FFC8;
					};
					DE1A023B22DB51F20030FFC8 = {
						CreatedOnToolsVersion = 10.1;
						TestTargetID = DE1A021C22DB51F00030FFC8;
					};
				};
			};
			buildConfigurationList = DE1A021822DB51F00030FFC8 /* Build configuration list for PBXProject "gestionequipe" */;
			compatibilityVersion = "Xcode 9.3";
			developmentRegion = en;
			hasScannedForEncodings = 0;
			knownRegions = (
				en,
				Base,
			);
			mainGroup = DE1A021422DB51F00030FFC8;
			productRefGroup = DE1A021E22DB51F00030FFC8 /* Products */;
			projectDirPath = "";
			projectRoot = "";
			targets = (
				DE1A021C22DB51F00030FFC8 /* gestionequipe */,
				DE1A023022DB51F20030FFC8 /* gestionequipeTests */,
				DE1A023B22DB51F20030FFC8 /* gestionequipeUITests */,
			);
		};
/* End PBXProject section */

/* Begin PBXResourcesBuildPhase section */
		DE1A021B22DB51F00030FFC8 /* Resources */ = {
			isa = PBXResourcesBuildPhase;
			buildActionMask = 2147483647;
			files = (
				DE1A026422DF41D50030FFC8 /* EntrainementClass.xib in Resources */,
				DE1A025322DB58D10030FFC8 /* LoginViewController.xib in Resources */,
				DE1A022B22DB51F20030FFC8 /* LaunchScreen.storyboard in Resources */,
				DE1A022822DB51F20030FFC8 /* Assets.xcassets in Resources */,
				DE1A025D22DE6AD80030FFC8 /* HomeClass.xib in Resources */,
				DE1A022622DB51F00030FFC8 /* Main.storyboard in Resources */,
			);
			runOnlyForDeploymentPostprocessing = 0;
		};
		DE1A022F22DB51F20030FFC8 /* Resources */ = {
			isa = PBXResourcesBuildPhase;
			buildActionMask = 2147483647;
			files = (
			);
			runOnlyForDeploymentPostprocessing = 0;
		};
		DE1A023A22DB51F20030FFC8 /* Resources */ = {
			isa = PBXResourcesBuildPhase;
			buildActionMask = 2147483647;
			files = (
			);
			runOnlyForDeploymentPostprocessing = 0;
		};
/* End PBXResourcesBuildPhase section */

/* Begin PBXShellScriptBuildPhase section */
		30A4D93D9AA26980FDF00C48 /* [CP] Embed Pods Frameworks */ = {
			isa = PBXShellScriptBuildPhase;
			buildActionMask = 2147483647;
			files = (
			);
			inputFileListPaths = (
			);
			inputPaths = (
				"${SRCROOT}/Pods/Target Support Files/Pods-gestionequipe/Pods-gestionequipe-frameworks.sh",
				"${BUILT_PRODUCTS_DIR}/Alamofire/Alamofire.framework",
			);
			name = "[CP] Embed Pods Frameworks";
			outputFileListPaths = (
			);
			outputPaths = (
				"${TARGET_BUILD_DIR}/${FRAMEWORKS_FOLDER_PATH}/Alamofire.framework",
			);
			runOnlyForDeploymentPostprocessing = 0;
			shellPath = /bin/sh;
			shellScript = "\"${SRCROOT}/Pods/Target Support Files/Pods-gestionequipe/Pods-gestionequipe-frameworks.sh\"\n";
			showEnvVarsInLog = 0;
		};
		4AF63819E12A06DCAF9CE9AD /* [CP] Check Pods Manifest.lock */ = {
			isa = PBXShellScriptBuildPhase;
			buildActionMask = 2147483647;
			files = (
			);
			inputFileListPaths = (
			);
			inputPaths = (
				"${PODS_PODFILE_DIR_PATH}/Podfile.lock",
				"${PODS_ROOT}/Manifest.lock",
			);
			name = "[CP] Check Pods Manifest.lock";
			outputFileListPaths = (
			);
			outputPaths = (
				"$(DERIVED_FILE_DIR)/Pods-gestionequipe-checkManifestLockResult.txt",
			);
			runOnlyForDeploymentPostprocessing = 0;
			shellPath = /bin/sh;
			shellScript = "diff \"${PODS_PODFILE_DIR_PATH}/Podfile.lock\" \"${PODS_ROOT}/Manifest.lock\" > /dev/null\nif [ $? != 0 ] ; then\n    # print error to STDERR\n    echo \"error: The sandbox is not in sync with the Podfile.lock. Run 'pod install' or update your CocoaPods installation.\" >&2\n    exit 1\nfi\n# This output is used by Xcode 'outputs' to avoid re-running this script phase.\necho \"SUCCESS\" > \"${SCRIPT_OUTPUT_FILE_0}\"\n";
			showEnvVarsInLog = 0;
		};
/* End PBXShellScriptBuildPhase section */

/* Begin PBXSourcesBuildPhase section */
		DE1A021922DB51F00030FFC8 /* Sources */ = {
			isa = PBXSourcesBuildPhase;
			buildActionMask = 2147483647;
			files = (
				DE1A025C22DE6AD80030FFC8 /* HomeClass.swift in Sources */,
				DE1A025222DB58D10030FFC8 /* LoginViewController.swift in Sources */,
				DE1A022322DB51F00030FFC8 /* ViewController.swift in Sources */,
				DE1A026322DF41D50030FFC8 /* EntrainementClass.swift in Sources */,
				DE1A025522DE60C20030FFC8 /* CustomTabBarController.swift in Sources */,
				DE1A022122DB51F00030FFC8 /* AppDelegate.swift in Sources */,
				DE1A026022DE70690030FFC8 /* entrainement.swift in Sources */,
			);
			runOnlyForDeploymentPostprocessing = 0;
		};
		DE1A022D22DB51F20030FFC8 /* Sources */ = {
			isa = PBXSourcesBuildPhase;
			buildActionMask = 2147483647;
			files = (
				DE1A023622DB51F20030FFC8 /* gestionequipeTests.swift in Sources */,
			);
			runOnlyForDeploymentPostprocessing = 0;
		};
		DE1A023822DB51F20030FFC8 /* Sources */ = {
			isa = PBXSourcesBuildPhase;
			buildActionMask = 2147483647;
			files = (
				DE1A024122DB51F20030FFC8 /* gestionequipeUITests.swift in Sources */,
			);
			runOnlyForDeploymentPostprocessing = 0;
		};
/* End PBXSourcesBuildPhase section */

/* Begin PBXTargetDependency section */
		DE1A023322DB51F20030FFC8 /* PBXTargetDependency */ = {
			isa = PBXTargetDependency;
			target = DE1A021C22DB51F00030FFC8 /* gestionequipe */;
			targetProxy = DE1A023222DB51F20030FFC8 /* PBXContainerItemProxy */;
		};
		DE1A023E22DB51F20030FFC8 /* PBXTargetDependency */ = {
			isa = PBXTargetDependency;
			target = DE1A021C22DB51F00030FFC8 /* gestionequipe */;
			targetProxy = DE1A023D22DB51F20030FFC8 /* PBXContainerItemProxy */;
		};
/* End PBXTargetDependency section */

/* Begin PBXVariantGroup section */
		DE1A022422DB51F00030FFC8 /* Main.storyboard */ = {
			isa = PBXVariantGroup;
			children = (
				DE1A022522DB51F00030FFC8 /* Base */,
			);
			name = Main.storyboard;
			sourceTree = "<group>";
		};
		DE1A022922DB51F20030FFC8 /* LaunchScreen.storyboard */ = {
			isa = PBXVariantGroup;
			children = (
				DE1A022A22DB51F20030FFC8 /* Base */,
			);
			name = LaunchScreen.storyboard;
			sourceTree = "<group>";
		};
/* End PBXVariantGroup section */

/* Begin XCBuildConfiguration section */
		DE1A024322DB51F20030FFC8 /* Debug */ = {
			isa = XCBuildConfiguration;
			buildSettings = {
				ALWAYS_SEARCH_USER_PATHS = NO;
				CLANG_ANALYZER_NONNULL = YES;
				CLANG_ANALYZER_NUMBER_OBJECT_CONVERSION = YES_AGGRESSIVE;
				CLANG_CXX_LANGUAGE_STANDARD = "gnu++14";
				CLANG_CXX_LIBRARY = "libc++";
				CLANG_ENABLE_MODULES = YES;
				CLANG_ENABLE_OBJC_ARC = YES;
				CLANG_ENABLE_OBJC_WEAK = YES;
				CLANG_WARN_BLOCK_CAPTURE_AUTORELEASING = YES;
				CLANG_WARN_BOOL_CONVERSION = YES;
				CLANG_WARN_COMMA = YES;
				CLANG_WARN_CONSTANT_CONVERSION = YES;
				CLANG_WARN_DEPRECATED_OBJC_IMPLEMENTATIONS = YES;
				CLANG_WARN_DIRECT_OBJC_ISA_USAGE = YES_ERROR;
				CLANG_WARN_DOCUMENTATION_COMMENTS = YES;
				CLANG_WARN_EMPTY_BODY = YES;
				CLANG_WARN_ENUM_CONVERSION = YES;
				CLANG_WARN_INFINITE_RECURSION = YES;
				CLANG_WARN_INT_CONVERSION = YES;
				CLANG_WARN_NON_LITERAL_NULL_CONVERSION = YES;
				CLANG_WARN_OBJC_IMPLICIT_RETAIN_SELF = YES;
				CLANG_WARN_OBJC_LITERAL_CONVERSION = YES;
				CLANG_WARN_OBJC_ROOT_CLASS = YES_ERROR;
				CLANG_WARN_RANGE_LOOP_ANALYSIS = YES;
				CLANG_WARN_STRICT_PROTOTYPES = YES;
				CLANG_WARN_SUSPICIOUS_MOVE = YES;
				CLANG_WARN_UNGUARDED_AVAILABILITY = YES_AGGRESSIVE;
				CLANG_WARN_UNREACHABLE_CODE = YES;
				CLANG_WARN__DUPLICATE_METHOD_MATCH = YES;
				CODE_SIGN_IDENTITY = "iPhone Developer";
				COPY_PHASE_STRIP = NO;
				DEBUG_INFORMATION_FORMAT = dwarf;
				ENABLE_STRICT_OBJC_MSGSEND = YES;
				ENABLE_TESTABILITY = YES;
				GCC_C_LANGUAGE_STANDARD = gnu11;
				GCC_DYNAMIC_NO_PIC = NO;
				GCC_NO_COMMON_BLOCKS = YES;
				GCC_OPTIMIZATION_LEVEL = 0;
				GCC_PREPROCESSOR_DEFINITIONS = (
					"DEBUG=1",
					"$(inherited)",
				);
				GCC_WARN_64_TO_32_BIT_CONVERSION = YES;
				GCC_WARN_ABOUT_RETURN_TYPE = YES_ERROR;
				GCC_WARN_UNDECLARED_SELECTOR = YES;
				GCC_WARN_UNINITIALIZED_AUTOS = YES_AGGRESSIVE;
				GCC_WARN_UNUSED_FUNCTION = YES;
				GCC_WARN_UNUSED_VARIABLE = YES;
				IPHONEOS_DEPLOYMENT_TARGET = 12.1;
				MTL_ENABLE_DEBUG_INFO = INCLUDE_SOURCE;
				MTL_FAST_MATH = YES;
				ONLY_ACTIVE_ARCH = YES;
				SDKROOT = iphoneos;
				SWIFT_ACTIVE_COMPILATION_CONDITIONS = DEBUG;
				SWIFT_OPTIMIZATION_LEVEL = "-Onone";
			};
			name = Debug;
		};
		DE1A024422DB51F20030FFC8 /* Release */ = {
			isa = XCBuildConfiguration;
			buildSettings = {
				ALWAYS_SEARCH_USER_PATHS = NO;
				CLANG_ANALYZER_NONNULL = YES;
				CLANG_ANALYZER_NUMBER_OBJECT_CONVERSION = YES_AGGRESSIVE;
				CLANG_CXX_LANGUAGE_STANDARD = "gnu++14";
				CLANG_CXX_LIBRARY = "libc++";
				CLANG_ENABLE_MODULES = YES;
				CLANG_ENABLE_OBJC_ARC = YES;
				CLANG_ENABLE_OBJC_WEAK = YES;
				CLANG_WARN_BLOCK_CAPTURE_AUTORELEASING = YES;
				CLANG_WARN_BOOL_CONVERSION = YES;
				CLANG_WARN_COMMA = YES;
				CLANG_WARN_CONSTANT_CONVERSION = YES;
				CLANG_WARN_DEPRECATED_OBJC_IMPLEMENTATIONS = YES;
				CLANG_WARN_DIRECT_OBJC_ISA_USAGE = YES_ERROR;
				CLANG_WARN_DOCUMENTATION_COMMENTS = YES;
				CLANG_WARN_EMPTY_BODY = YES;
				CLANG_WARN_ENUM_CONVERSION = YES;
				CLANG_WARN_INFINITE_RECURSION = YES;
				CLANG_WARN_INT_CONVERSION = YES;
				CLANG_WARN_NON_LITERAL_NULL_CONVERSION = YES;
				CLANG_WARN_OBJC_IMPLICIT_RETAIN_SELF = YES;
				CLANG_WARN_OBJC_LITERAL_CONVERSION = YES;
				CLANG_WARN_OBJC_ROOT_CLASS = YES_ERROR;
				CLANG_WARN_RANGE_LOOP_ANALYSIS = YES;
				CLANG_WARN_STRICT_PROTOTYPES = YES;
				CLANG_WARN_SUSPICIOUS_MOVE = YES;
				CLANG_WARN_UNGUARDED_AVAILABILITY = YES_AGGRESSIVE;
				CLANG_WARN_UNREACHABLE_CODE = YES;
				CLANG_WARN__DUPLICATE_METHOD_MATCH = YES;
				CODE_SIGN_IDENTITY = "iPhone Developer";
				COPY_PHASE_STRIP = NO;
				DEBUG_INFORMATION_FORMAT = "dwarf-with-dsym";
				ENABLE_NS_ASSERTIONS = NO;
				ENABLE_STRICT_OBJC_MSGSEND = YES;
				GCC_C_LANGUAGE_STANDARD = gnu11;
				GCC_NO_COMMON_BLOCKS = YES;
				GCC_WARN_64_TO_32_BIT_CONVERSION = YES;
				GCC_WARN_ABOUT_RETURN_TYPE = YES_ERROR;
				GCC_WARN_UNDECLARED_SELECTOR = YES;
				GCC_WARN_UNINITIALIZED_AUTOS = YES_AGGRESSIVE;
				GCC_WARN_UNUSED_FUNCTION = YES;
				GCC_WARN_UNUSED_VARIABLE = YES;
				IPHONEOS_DEPLOYMENT_TARGET = 12.1;
				MTL_ENABLE_DEBUG_INFO = NO;
				MTL_FAST_MATH = YES;
				SDKROOT = iphoneos;
				SWIFT_COMPILATION_MODE = wholemodule;
				SWIFT_OPTIMIZATION_LEVEL = "-O";
				VALIDATE_PRODUCT = YES;
			};
			name = Release;
		};
		DE1A024622DB51F20030FFC8 /* Debug */ = {
			isa = XCBuildConfiguration;
			baseConfigurationReference = 0CE709656E4E92849FC72E59 /* Pods-gestionequipe.debug.xcconfig */;
			buildSettings = {
				ASSETCATALOG_COMPILER_APPICON_NAME = AppIcon;
				CODE_SIGN_STYLE = Automatic;
				INFOPLIST_FILE = gestionequipe/Info.plist;
				LD_RUNPATH_SEARCH_PATHS = (
					"$(inherited)",
					"@executable_path/Frameworks",
				);
				PRODUCT_BUNDLE_IDENTIFIER = prod.gestionequipe;
				PRODUCT_NAME = "$(TARGET_NAME)";
				SWIFT_VERSION = 4.2;
				TARGETED_DEVICE_FAMILY = "1,2";
			};
			name = Debug;
		};
		DE1A024722DB51F20030FFC8 /* Release */ = {
			isa = XCBuildConfiguration;
			baseConfigurationReference = 6EBC7923035C329B86F8951C /* Pods-gestionequipe.release.xcconfig */;
			buildSettings = {
				ASSETCATALOG_COMPILER_APPICON_NAME = AppIcon;
				CODE_SIGN_STYLE = Automatic;
				INFOPLIST_FILE = gestionequipe/Info.plist;
				LD_RUNPATH_SEARCH_PATHS = (
					"$(inherited)",
					"@executable_path/Frameworks",
				);
				PRODUCT_BUNDLE_IDENTIFIER = prod.gestionequipe;
				PRODUCT_NAME = "$(TARGET_NAME)";
				SWIFT_VERSION = 4.2;
				TARGETED_DEVICE_FAMILY = "1,2";
			};
			name = Release;
		};
		DE1A024922DB51F20030FFC8 /* Debug */ = {
			isa = XCBuildConfiguration;
			buildSettings = {
				ALWAYS_EMBED_SWIFT_STANDARD_LIBRARIES = YES;
				BUNDLE_LOADER = "$(TEST_HOST)";
				CODE_SIGN_STYLE = Automatic;
				INFOPLIST_FILE = gestionequipeTests/Info.plist;
				LD_RUNPATH_SEARCH_PATHS = (
					"$(inherited)",
					"@executable_path/Frameworks",
					"@loader_path/Frameworks",
				);
				PRODUCT_BUNDLE_IDENTIFIER = prod.gestionequipeTests;
				PRODUCT_NAME = "$(TARGET_NAME)";
				SWIFT_VERSION = 4.2;
				TARGETED_DEVICE_FAMILY = "1,2";
				TEST_HOST = "$(BUILT_PRODUCTS_DIR)/gestionequipe.app/gestionequipe";
			};
			name = Debug;
		};
		DE1A024A22DB51F20030FFC8 /* Release */ = {
			isa = XCBuildConfiguration;
			buildSettings = {
				ALWAYS_EMBED_SWIFT_STANDARD_LIBRARIES = YES;
				BUNDLE_LOADER = "$(TEST_HOST)";
				CODE_SIGN_STYLE = Automatic;
				INFOPLIST_FILE = gestionequipeTests/Info.plist;
				LD_RUNPATH_SEARCH_PATHS = (
					"$(inherited)",
					"@executable_path/Frameworks",
					"@loader_path/Frameworks",
				);
				PRODUCT_BUNDLE_IDENTIFIER = prod.gestionequipeTests;
				PRODUCT_NAME = "$(TARGET_NAME)";
				SWIFT_VERSION = 4.2;
				TARGETED_DEVICE_FAMILY = "1,2";
				TEST_HOST = "$(BUILT_PRODUCTS_DIR)/gestionequipe.app/gestionequipe";
			};
			name = Release;
		};
		DE1A024C22DB51F20030FFC8 /* Debug */ = {
			isa = XCBuildConfiguration;
			buildSettings = {
				ALWAYS_EMBED_SWIFT_STANDARD_LIBRARIES = YES;
				CODE_SIGN_STYLE = Automatic;
				INFOPLIST_FILE = gestionequipeUITests/Info.plist;
				LD_RUNPATH_SEARCH_PATHS = (
					"$(inherited)",
					"@executable_path/Frameworks",
					"@loader_path/Frameworks",
				);
				PRODUCT_BUNDLE_IDENTIFIER = prod.gestionequipeUITests;
				PRODUCT_NAME = "$(TARGET_NAME)";
				SWIFT_VERSION = 4.2;
				TARGETED_DEVICE_FAMILY = "1,2";
				TEST_TARGET_NAME = gestionequipe;
			};
			name = Debug;
		};
		DE1A024D22DB51F20030FFC8 /* Release */ = {
			isa = XCBuildConfiguration;
			buildSettings = {
				ALWAYS_EMBED_SWIFT_STANDARD_LIBRARIES = YES;
				CODE_SIGN_STYLE = Automatic;
				INFOPLIST_FILE = gestionequipeUITests/Info.plist;
				LD_RUNPATH_SEARCH_PATHS = (
					"$(inherited)",
					"@executable_path/Frameworks",
					"@loader_path/Frameworks",
				);
				PRODUCT_BUNDLE_IDENTIFIER = prod.gestionequipeUITests;
				PRODUCT_NAME = "$(TARGET_NAME)";
				SWIFT_VERSION = 4.2;
				TARGETED_DEVICE_FAMILY = "1,2";
				TEST_TARGET_NAME = gestionequipe;
			};
			name = Release;
		};
/* End XCBuildConfiguration section */

/* Begin XCConfigurationList section */
		DE1A021822DB51F00030FFC8 /* Build configuration list for PBXProject "gestionequipe" */ = {
			isa = XCConfigurationList;
			buildConfigurations = (
				DE1A024322DB51F20030FFC8 /* Debug */,
				DE1A024422DB51F20030FFC8 /* Release */,
			);
			defaultConfigurationIsVisible = 0;
			defaultConfigurationName = Release;
		};
		DE1A024522DB51F20030FFC8 /* Build configuration list for PBXNativeTarget "gestionequipe" */ = {
			isa = XCConfigurationList;
			buildConfigurations = (
				DE1A024622DB51F20030FFC8 /* Debug */,
				DE1A024722DB51F20030FFC8 /* Release */,
			);
			defaultConfigurationIsVisible = 0;
			defaultConfigurationName = Release;
		};
		DE1A024822DB51F20030FFC8 /* Build configuration list for PBXNativeTarget "gestionequipeTests" */ = {
			isa = XCConfigurationList;
			buildConfigurations = (
				DE1A024922DB51F20030FFC8 /* Debug */,
				DE1A024A22DB51F20030FFC8 /* Release */,
			);
			defaultConfigurationIsVisible = 0;
			defaultConfigurationName = Release;
		};
		DE1A024B22DB51F20030FFC8 /* Build configuration list for PBXNativeTarget "gestionequipeUITests" */ = {
			isa = XCConfigurationList;
			buildConfigurations = (
				DE1A024C22DB51F20030FFC8 /* Debug */,
				DE1A024D22DB51F20030FFC8 /* Release */,
			);
			defaultConfigurationIsVisible = 0;
			defaultConfigurationName = Release;
		};
/* End XCConfigurationList section */
	};
	rootObject = DE1A021522DB51F00030FFC8 /* Project object */;
}
